
Microsoft Visual Studio Solution File, Format Version 12.00
# Visual Studio Version 16
VisualStudioVersion = 16.0.30523.141
MinimumVisualStudioVersion = 10.0.40219.1
Project("{FAE04EC0-301F-11D3-BF4B-00C04F79EFBC}") = "ActivationKeys", "FinalExamPrep\ActivationKeys.csproj", "{3CE18244-4442-482A-AC46-3D76CBD42231}"
EndProject
Global
	GlobalSection(SolutionConfigurationPlatforms) = preSolution
		Debug|Any CPU = Debug|Any CPU
		Release|Any CPU = Release|Any CPU
	EndGlobalSection
	GlobalSection(ProjectConfigurationPlatforms) = postSolution
		{3CE18244-4442-482A-AC46-3D76CBD42231}.Debug|Any CPU.ActiveCfg = Debug|Any CPU
		{3CE18244-4442-482A-AC46-3D76CBD42231}.Debug|Any CPU.Build.0 = Debug|Any CPU
		{3CE18244-4442-482A-AC46-3D76CBD42231}.Release|Any CPU.ActiveCfg = Release|Any CPU
		{3CE18244-4442-482A-AC46-3D76CBD42231}.Release|Any CPU.Build.0 = Release|Any CPU
	EndGlobalSection
	GlobalSection(SolutionProperties) = preSolution
		HideSolutionNode = FALSE
	EndGlobalSection
	GlobalSection(ExtensibilityGlobals) = postSolution
		SolutionGuid = {E3A254AB-ADEE-4761-AC2B-82353018A264}
	EndGlobalSection
EndGlobal
