
Microsoft Visual Studio Solution File, Format Version 12.00
# Visual Studio Version 16
VisualStudioVersion = 16.0.30907.101
MinimumVisualStudioVersion = 10.0.40219.1
Project("{FAE04EC0-301F-11D3-BF4B-00C04F79EFBC}") = "FunctionalProgramming", "FunctionalProgramming\FunctionalProgramming.csproj", "{91DC2BD0-387F-4089-B09A-B35B850100E7}"
EndProject
Project("{FAE04EC0-301F-11D3-BF4B-00C04F79EFBC}") = "01.SortEvenNumbers", "01.SortEvenNumbers\01.SortEvenNumbers.csproj", "{DB907947-D218-4F86-8DA0-561A28F77658}"
EndProject
Project("{FAE04EC0-301F-11D3-BF4B-00C04F79EFBC}") = "02.SumNumbers", "02.SumNumbers\02.SumNumbers.csproj", "{0331DD91-038B-4AF3-BCC7-41DAF33AF97A}"
EndProject
Project("{FAE04EC0-301F-11D3-BF4B-00C04F79EFBC}") = "03.CountUppercaseWords", "03.CountUppercaseWords\03.CountUppercaseWords.csproj", "{EF94124C-3784-4688-9203-D625098206B9}"
EndProject
Project("{FAE04EC0-301F-11D3-BF4B-00C04F79EFBC}") = "04.AddVat", "04.AddVat\04.AddVat.csproj", "{26BA2318-932E-4A5C-B15D-66130508ABB4}"
EndProject
Global
	GlobalSection(SolutionConfigurationPlatforms) = preSolution
		Debug|Any CPU = Debug|Any CPU
		Release|Any CPU = Release|Any CPU
	EndGlobalSection
	GlobalSection(ProjectConfigurationPlatforms) = postSolution
		{91DC2BD0-387F-4089-B09A-B35B850100E7}.Debug|Any CPU.ActiveCfg = Debug|Any CPU
		{91DC2BD0-387F-4089-B09A-B35B850100E7}.Debug|Any CPU.Build.0 = Debug|Any CPU
		{91DC2BD0-387F-4089-B09A-B35B850100E7}.Release|Any CPU.ActiveCfg = Release|Any CPU
		{91DC2BD0-387F-4089-B09A-B35B850100E7}.Release|Any CPU.Build.0 = Release|Any CPU
		{DB907947-D218-4F86-8DA0-561A28F77658}.Debug|Any CPU.ActiveCfg = Debug|Any CPU
		{DB907947-D218-4F86-8DA0-561A28F77658}.Debug|Any CPU.Build.0 = Debug|Any CPU
		{DB907947-D218-4F86-8DA0-561A28F77658}.Release|Any CPU.ActiveCfg = Release|Any CPU
		{DB907947-D218-4F86-8DA0-561A28F77658}.Release|Any CPU.Build.0 = Release|Any CPU
		{0331DD91-038B-4AF3-BCC7-41DAF33AF97A}.Debug|Any CPU.ActiveCfg = Debug|Any CPU
		{0331DD91-038B-4AF3-BCC7-41DAF33AF97A}.Debug|Any CPU.Build.0 = Debug|Any CPU
		{0331DD91-038B-4AF3-BCC7-41DAF33AF97A}.Release|Any CPU.ActiveCfg = Release|Any CPU
		{0331DD91-038B-4AF3-BCC7-41DAF33AF97A}.Release|Any CPU.Build.0 = Release|Any CPU
		{EF94124C-3784-4688-9203-D625098206B9}.Debug|Any CPU.ActiveCfg = Debug|Any CPU
		{EF94124C-3784-4688-9203-D625098206B9}.Debug|Any CPU.Build.0 = Debug|Any CPU
		{EF94124C-3784-4688-9203-D625098206B9}.Release|Any CPU.ActiveCfg = Release|Any CPU
		{EF94124C-3784-4688-9203-D625098206B9}.Release|Any CPU.Build.0 = Release|Any CPU
		{26BA2318-932E-4A5C-B15D-66130508ABB4}.Debug|Any CPU.ActiveCfg = Debug|Any CPU
		{26BA2318-932E-4A5C-B15D-66130508ABB4}.Debug|Any CPU.Build.0 = Debug|Any CPU
		{26BA2318-932E-4A5C-B15D-66130508ABB4}.Release|Any CPU.ActiveCfg = Release|Any CPU
		{26BA2318-932E-4A5C-B15D-66130508ABB4}.Release|Any CPU.Build.0 = Release|Any CPU
	EndGlobalSection
	GlobalSection(SolutionProperties) = preSolution
		HideSolutionNode = FALSE
	EndGlobalSection
	GlobalSection(ExtensibilityGlobals) = postSolution
		SolutionGuid = {0BED6461-3F95-489F-BA28-A8864CF993EC}
	EndGlobalSection
EndGlobal
