
Microsoft Visual Studio Solution File, Format Version 12.00
# Visual Studio Version 16
VisualStudioVersion = 16.0.30907.101
MinimumVisualStudioVersion = 10.0.40219.1
Project("{FAE04EC0-301F-11D3-BF4B-00C04F79EFBC}") = "01.FlowerWreaths", "01.FlowerWreaths\01.FlowerWreaths.csproj", "{61A97231-1EE6-4E78-B4F5-050160B337DB}"
EndProject
Project("{FAE04EC0-301F-11D3-BF4B-00C04F79EFBC}") = "02.Bee", "02.Bee\02.Bee.csproj", "{1BD12FFE-B486-46D9-8298-D4EA9BCF9202}"
EndProject
Project("{FAE04EC0-301F-11D3-BF4B-00C04F79EFBC}") = "03.Classes", "03.Classes\03.Classes.csproj", "{A89C84A3-2170-4BF2-823D-EB22689461D5}"
EndProject
Global
	GlobalSection(SolutionConfigurationPlatforms) = preSolution
		Debug|Any CPU = Debug|Any CPU
		Release|Any CPU = Release|Any CPU
	EndGlobalSection
	GlobalSection(ProjectConfigurationPlatforms) = postSolution
		{61A97231-1EE6-4E78-B4F5-050160B337DB}.Debug|Any CPU.ActiveCfg = Debug|Any CPU
		{61A97231-1EE6-4E78-B4F5-050160B337DB}.Debug|Any CPU.Build.0 = Debug|Any CPU
		{61A97231-1EE6-4E78-B4F5-050160B337DB}.Release|Any CPU.ActiveCfg = Release|Any CPU
		{61A97231-1EE6-4E78-B4F5-050160B337DB}.Release|Any CPU.Build.0 = Release|Any CPU
		{1BD12FFE-B486-46D9-8298-D4EA9BCF9202}.Debug|Any CPU.ActiveCfg = Debug|Any CPU
		{1BD12FFE-B486-46D9-8298-D4EA9BCF9202}.Debug|Any CPU.Build.0 = Debug|Any CPU
		{1BD12FFE-B486-46D9-8298-D4EA9BCF9202}.Release|Any CPU.ActiveCfg = Release|Any CPU
		{1BD12FFE-B486-46D9-8298-D4EA9BCF9202}.Release|Any CPU.Build.0 = Release|Any CPU
		{A89C84A3-2170-4BF2-823D-EB22689461D5}.Debug|Any CPU.ActiveCfg = Debug|Any CPU
		{A89C84A3-2170-4BF2-823D-EB22689461D5}.Debug|Any CPU.Build.0 = Debug|Any CPU
		{A89C84A3-2170-4BF2-823D-EB22689461D5}.Release|Any CPU.ActiveCfg = Release|Any CPU
		{A89C84A3-2170-4BF2-823D-EB22689461D5}.Release|Any CPU.Build.0 = Release|Any CPU
	EndGlobalSection
	GlobalSection(SolutionProperties) = preSolution
		HideSolutionNode = FALSE
	EndGlobalSection
	GlobalSection(ExtensibilityGlobals) = postSolution
		SolutionGuid = {CDAC6237-7FE3-424A-8885-DE9CA64D0EE4}
	EndGlobalSection
EndGlobal
