
Microsoft Visual Studio Solution File, Format Version 12.00
# Visual Studio Version 16
VisualStudioVersion = 16.0.30011.22
MinimumVisualStudioVersion = 10.0.40219.1
Project("{FAE04EC0-301F-11D3-BF4B-00C04F79EFBC}") = "ConsoleApp1", "ConsoleApp1\ConsoleApp1.csproj", "{7789CB33-1260-44C9-AA31-0B4BAF2BFD9F}"
EndProject
Global
	GlobalSection(SolutionConfigurationPlatforms) = preSolution
		Debug|Any CPU = Debug|Any CPU
		Release|Any CPU = Release|Any CPU
	EndGlobalSection
	GlobalSection(ProjectConfigurationPlatforms) = postSolution
		{7789CB33-1260-44C9-AA31-0B4BAF2BFD9F}.Debug|Any CPU.ActiveCfg = Debug|Any CPU
		{7789CB33-1260-44C9-AA31-0B4BAF2BFD9F}.Debug|Any CPU.Build.0 = Debug|Any CPU
		{7789CB33-1260-44C9-AA31-0B4BAF2BFD9F}.Release|Any CPU.ActiveCfg = Release|Any CPU
		{7789CB33-1260-44C9-AA31-0B4BAF2BFD9F}.Release|Any CPU.Build.0 = Release|Any CPU
	EndGlobalSection
	GlobalSection(SolutionProperties) = preSolution
		HideSolutionNode = FALSE
	EndGlobalSection
	GlobalSection(ExtensibilityGlobals) = postSolution
		SolutionGuid = {B4E1510C-146F-440F-A08C-98B783D75B33}
	EndGlobalSection
EndGlobal
