
Microsoft Visual Studio Solution File, Format Version 12.00
# Visual Studio Version 16
VisualStudioVersion = 16.0.30011.22
MinimumVisualStudioVersion = 10.0.40219.1
Project("{FAE04EC0-301F-11D3-BF4B-00C04F79EFBC}") = "Demo", "Demo\Demo.csproj", "{88DCC3AE-F0C2-4CF1-8DB7-8F747E58C1AD}"
EndProject
Project("{FAE04EC0-301F-11D3-BF4B-00C04F79EFBC}") = "USDtoBGN", "USDtoBGN\USDtoBGN.csproj", "{9B222C5F-04AA-412E-8969-256552CF7941}"
EndProject
Project("{FAE04EC0-301F-11D3-BF4B-00C04F79EFBC}") = "RadiansToDegrees", "RadiansToDegrees\RadiansToDegrees.csproj", "{706C38FD-E794-48D4-ABB8-9C184F5BCCE5}"
EndProject
Global
	GlobalSection(SolutionConfigurationPlatforms) = preSolution
		Debug|Any CPU = Debug|Any CPU
		Release|Any CPU = Release|Any CPU
	EndGlobalSection
	GlobalSection(ProjectConfigurationPlatforms) = postSolution
		{88DCC3AE-F0C2-4CF1-8DB7-8F747E58C1AD}.Debug|Any CPU.ActiveCfg = Debug|Any CPU
		{88DCC3AE-F0C2-4CF1-8DB7-8F747E58C1AD}.Debug|Any CPU.Build.0 = Debug|Any CPU
		{88DCC3AE-F0C2-4CF1-8DB7-8F747E58C1AD}.Release|Any CPU.ActiveCfg = Release|Any CPU
		{88DCC3AE-F0C2-4CF1-8DB7-8F747E58C1AD}.Release|Any CPU.Build.0 = Release|Any CPU
		{9B222C5F-04AA-412E-8969-256552CF7941}.Debug|Any CPU.ActiveCfg = Debug|Any CPU
		{9B222C5F-04AA-412E-8969-256552CF7941}.Debug|Any CPU.Build.0 = Debug|Any CPU
		{9B222C5F-04AA-412E-8969-256552CF7941}.Release|Any CPU.ActiveCfg = Release|Any CPU
		{9B222C5F-04AA-412E-8969-256552CF7941}.Release|Any CPU.Build.0 = Release|Any CPU
		{706C38FD-E794-48D4-ABB8-9C184F5BCCE5}.Debug|Any CPU.ActiveCfg = Debug|Any CPU
		{706C38FD-E794-48D4-ABB8-9C184F5BCCE5}.Debug|Any CPU.Build.0 = Debug|Any CPU
		{706C38FD-E794-48D4-ABB8-9C184F5BCCE5}.Release|Any CPU.ActiveCfg = Release|Any CPU
		{706C38FD-E794-48D4-ABB8-9C184F5BCCE5}.Release|Any CPU.Build.0 = Release|Any CPU
	EndGlobalSection
	GlobalSection(SolutionProperties) = preSolution
		HideSolutionNode = FALSE
	EndGlobalSection
	GlobalSection(ExtensibilityGlobals) = postSolution
		SolutionGuid = {B555D0EB-C982-42AF-8938-702D3C4F86FF}
	EndGlobalSection
EndGlobal
