
Microsoft Visual Studio Solution File, Format Version 12.00
# Visual Studio Version 16
VisualStudioVersion = 16.0.30907.101
MinimumVisualStudioVersion = 10.0.40219.1
Project("{FAE04EC0-301F-11D3-BF4B-00C04F79EFBC}") = "01.TheFightForGondor", "01.TheFightForGondor\01.TheFightForGondor.csproj", "{EE89E41E-604F-4969-84E9-DBD4E0B145C0}"
EndProject
Project("{FAE04EC0-301F-11D3-BF4B-00C04F79EFBC}") = "02.Warships", "02.Warships\02.Warships.csproj", "{1B4D55DD-E7B3-44A1-A1E4-1D7A2D857522}"
EndProject
Global
	GlobalSection(SolutionConfigurationPlatforms) = preSolution
		Debug|Any CPU = Debug|Any CPU
		Release|Any CPU = Release|Any CPU
	EndGlobalSection
	GlobalSection(ProjectConfigurationPlatforms) = postSolution
		{EE89E41E-604F-4969-84E9-DBD4E0B145C0}.Debug|Any CPU.ActiveCfg = Debug|Any CPU
		{EE89E41E-604F-4969-84E9-DBD4E0B145C0}.Debug|Any CPU.Build.0 = Debug|Any CPU
		{EE89E41E-604F-4969-84E9-DBD4E0B145C0}.Release|Any CPU.ActiveCfg = Release|Any CPU
		{EE89E41E-604F-4969-84E9-DBD4E0B145C0}.Release|Any CPU.Build.0 = Release|Any CPU
		{1B4D55DD-E7B3-44A1-A1E4-1D7A2D857522}.Debug|Any CPU.ActiveCfg = Debug|Any CPU
		{1B4D55DD-E7B3-44A1-A1E4-1D7A2D857522}.Debug|Any CPU.Build.0 = Debug|Any CPU
		{1B4D55DD-E7B3-44A1-A1E4-1D7A2D857522}.Release|Any CPU.ActiveCfg = Release|Any CPU
		{1B4D55DD-E7B3-44A1-A1E4-1D7A2D857522}.Release|Any CPU.Build.0 = Release|Any CPU
	EndGlobalSection
	GlobalSection(SolutionProperties) = preSolution
		HideSolutionNode = FALSE
	EndGlobalSection
	GlobalSection(ExtensibilityGlobals) = postSolution
		SolutionGuid = {7BCEF331-BBB1-49F5-A272-813C6E32DDE5}
	EndGlobalSection
EndGlobal
