
Microsoft Visual Studio Solution File, Format Version 12.00
# Visual Studio Version 16
VisualStudioVersion = 16.0.30907.101
MinimumVisualStudioVersion = 10.0.40219.1
Project("{9A19103F-16F7-4668-BE54-9A1E7A4F7556}") = "ClassBoxData", "ClassBoxData\ClassBoxData.csproj", "{D31DF3BC-8AC0-4B42-9769-235C1BF25F7B}"
EndProject
Project("{FAE04EC0-301F-11D3-BF4B-00C04F79EFBC}") = "AnimalFarm", "AnimalFarm\AnimalFarm.csproj", "{1539787C-1D8B-4422-BC6E-9C10E70D3628}"
EndProject
Project("{FAE04EC0-301F-11D3-BF4B-00C04F79EFBC}") = "ShoppingSpree", "ShoppingSpree\ShoppingSpree.csproj", "{0EBF48FA-92D8-4D24-A0B7-3D511D6505A1}"
EndProject
Global
	GlobalSection(SolutionConfigurationPlatforms) = preSolution
		Debug|Any CPU = Debug|Any CPU
		Release|Any CPU = Release|Any CPU
	EndGlobalSection
	GlobalSection(ProjectConfigurationPlatforms) = postSolution
		{D31DF3BC-8AC0-4B42-9769-235C1BF25F7B}.Debug|Any CPU.ActiveCfg = Debug|Any CPU
		{D31DF3BC-8AC0-4B42-9769-235C1BF25F7B}.Debug|Any CPU.Build.0 = Debug|Any CPU
		{D31DF3BC-8AC0-4B42-9769-235C1BF25F7B}.Release|Any CPU.ActiveCfg = Release|Any CPU
		{D31DF3BC-8AC0-4B42-9769-235C1BF25F7B}.Release|Any CPU.Build.0 = Release|Any CPU
		{1539787C-1D8B-4422-BC6E-9C10E70D3628}.Debug|Any CPU.ActiveCfg = Debug|Any CPU
		{1539787C-1D8B-4422-BC6E-9C10E70D3628}.Debug|Any CPU.Build.0 = Debug|Any CPU
		{1539787C-1D8B-4422-BC6E-9C10E70D3628}.Release|Any CPU.ActiveCfg = Release|Any CPU
		{1539787C-1D8B-4422-BC6E-9C10E70D3628}.Release|Any CPU.Build.0 = Release|Any CPU
		{0EBF48FA-92D8-4D24-A0B7-3D511D6505A1}.Debug|Any CPU.ActiveCfg = Debug|Any CPU
		{0EBF48FA-92D8-4D24-A0B7-3D511D6505A1}.Debug|Any CPU.Build.0 = Debug|Any CPU
		{0EBF48FA-92D8-4D24-A0B7-3D511D6505A1}.Release|Any CPU.ActiveCfg = Release|Any CPU
		{0EBF48FA-92D8-4D24-A0B7-3D511D6505A1}.Release|Any CPU.Build.0 = Release|Any CPU
	EndGlobalSection
	GlobalSection(SolutionProperties) = preSolution
		HideSolutionNode = FALSE
	EndGlobalSection
	GlobalSection(ExtensibilityGlobals) = postSolution
		SolutionGuid = {A02B13DE-1F6A-42E3-BCFF-A7A43E1C9571}
	EndGlobalSection
EndGlobal
