
Microsoft Visual Studio Solution File, Format Version 12.00
# Visual Studio Version 16
VisualStudioVersion = 16.0.30523.141
MinimumVisualStudioVersion = 10.0.40219.1
Project("{9A19103F-16F7-4668-BE54-9A1E7A4F7556}") = "ListsExercises", "ListsExercises\ListsExercises.csproj", "{D82391BF-DEF0-4329-8F70-91CDA44A6D9E}"
EndProject
Project("{9A19103F-16F7-4668-BE54-9A1E7A4F7556}") = "Train", "Train\Train.csproj", "{91926B2C-B89B-4C13-B8C8-C3DF892C37A2}"
EndProject
Project("{9A19103F-16F7-4668-BE54-9A1E7A4F7556}") = "ChangeList", "ChangeList\ChangeList.csproj", "{AAE6A7B0-C215-4E0E-A4B2-516B5A5E93C2}"
EndProject
Project("{9A19103F-16F7-4668-BE54-9A1E7A4F7556}") = "Party", "Party\Party.csproj", "{FA2340E4-6DB7-44A9-B525-C27992190D99}"
EndProject
Project("{9A19103F-16F7-4668-BE54-9A1E7A4F7556}") = "midexam1", "midexam1\midexam1.csproj", "{F4F012B5-5871-4D09-82ED-663BA06A620D}"
EndProject
Project("{9A19103F-16F7-4668-BE54-9A1E7A4F7556}") = "midexam2", "midexam2\midexam2.csproj", "{2382F273-1D80-4E52-90CC-8F0FA45E9F53}"
EndProject
Project("{9A19103F-16F7-4668-BE54-9A1E7A4F7556}") = "midexam3", "midexam3\midexam3.csproj", "{8B35B0F6-AEFA-417F-A263-B04ABF8D0AC8}"
EndProject
Project("{FAE04EC0-301F-11D3-BF4B-00C04F79EFBC}") = "ListOperations", "ListOperations\ListOperations.csproj", "{5EC698EF-DE25-4ABA-A566-4C24D6306986}"
EndProject
Global
	GlobalSection(SolutionConfigurationPlatforms) = preSolution
		Debug|Any CPU = Debug|Any CPU
		Release|Any CPU = Release|Any CPU
	EndGlobalSection
	GlobalSection(ProjectConfigurationPlatforms) = postSolution
		{D82391BF-DEF0-4329-8F70-91CDA44A6D9E}.Debug|Any CPU.ActiveCfg = Debug|Any CPU
		{D82391BF-DEF0-4329-8F70-91CDA44A6D9E}.Debug|Any CPU.Build.0 = Debug|Any CPU
		{D82391BF-DEF0-4329-8F70-91CDA44A6D9E}.Release|Any CPU.ActiveCfg = Release|Any CPU
		{D82391BF-DEF0-4329-8F70-91CDA44A6D9E}.Release|Any CPU.Build.0 = Release|Any CPU
		{91926B2C-B89B-4C13-B8C8-C3DF892C37A2}.Debug|Any CPU.ActiveCfg = Debug|Any CPU
		{91926B2C-B89B-4C13-B8C8-C3DF892C37A2}.Debug|Any CPU.Build.0 = Debug|Any CPU
		{91926B2C-B89B-4C13-B8C8-C3DF892C37A2}.Release|Any CPU.ActiveCfg = Release|Any CPU
		{91926B2C-B89B-4C13-B8C8-C3DF892C37A2}.Release|Any CPU.Build.0 = Release|Any CPU
		{AAE6A7B0-C215-4E0E-A4B2-516B5A5E93C2}.Debug|Any CPU.ActiveCfg = Debug|Any CPU
		{AAE6A7B0-C215-4E0E-A4B2-516B5A5E93C2}.Debug|Any CPU.Build.0 = Debug|Any CPU
		{AAE6A7B0-C215-4E0E-A4B2-516B5A5E93C2}.Release|Any CPU.ActiveCfg = Release|Any CPU
		{AAE6A7B0-C215-4E0E-A4B2-516B5A5E93C2}.Release|Any CPU.Build.0 = Release|Any CPU
		{FA2340E4-6DB7-44A9-B525-C27992190D99}.Debug|Any CPU.ActiveCfg = Debug|Any CPU
		{FA2340E4-6DB7-44A9-B525-C27992190D99}.Debug|Any CPU.Build.0 = Debug|Any CPU
		{FA2340E4-6DB7-44A9-B525-C27992190D99}.Release|Any CPU.ActiveCfg = Release|Any CPU
		{FA2340E4-6DB7-44A9-B525-C27992190D99}.Release|Any CPU.Build.0 = Release|Any CPU
		{F4F012B5-5871-4D09-82ED-663BA06A620D}.Debug|Any CPU.ActiveCfg = Debug|Any CPU
		{F4F012B5-5871-4D09-82ED-663BA06A620D}.Debug|Any CPU.Build.0 = Debug|Any CPU
		{F4F012B5-5871-4D09-82ED-663BA06A620D}.Release|Any CPU.ActiveCfg = Release|Any CPU
		{F4F012B5-5871-4D09-82ED-663BA06A620D}.Release|Any CPU.Build.0 = Release|Any CPU
		{2382F273-1D80-4E52-90CC-8F0FA45E9F53}.Debug|Any CPU.ActiveCfg = Debug|Any CPU
		{2382F273-1D80-4E52-90CC-8F0FA45E9F53}.Debug|Any CPU.Build.0 = Debug|Any CPU
		{2382F273-1D80-4E52-90CC-8F0FA45E9F53}.Release|Any CPU.ActiveCfg = Release|Any CPU
		{2382F273-1D80-4E52-90CC-8F0FA45E9F53}.Release|Any CPU.Build.0 = Release|Any CPU
		{8B35B0F6-AEFA-417F-A263-B04ABF8D0AC8}.Debug|Any CPU.ActiveCfg = Debug|Any CPU
		{8B35B0F6-AEFA-417F-A263-B04ABF8D0AC8}.Debug|Any CPU.Build.0 = Debug|Any CPU
		{8B35B0F6-AEFA-417F-A263-B04ABF8D0AC8}.Release|Any CPU.ActiveCfg = Release|Any CPU
		{8B35B0F6-AEFA-417F-A263-B04ABF8D0AC8}.Release|Any CPU.Build.0 = Release|Any CPU
		{5EC698EF-DE25-4ABA-A566-4C24D6306986}.Debug|Any CPU.ActiveCfg = Debug|Any CPU
		{5EC698EF-DE25-4ABA-A566-4C24D6306986}.Debug|Any CPU.Build.0 = Debug|Any CPU
		{5EC698EF-DE25-4ABA-A566-4C24D6306986}.Release|Any CPU.ActiveCfg = Release|Any CPU
		{5EC698EF-DE25-4ABA-A566-4C24D6306986}.Release|Any CPU.Build.0 = Release|Any CPU
	EndGlobalSection
	GlobalSection(SolutionProperties) = preSolution
		HideSolutionNode = FALSE
	EndGlobalSection
	GlobalSection(ExtensibilityGlobals) = postSolution
		SolutionGuid = {AA9EB2BB-6A10-4DDF-886D-D52B3B821401}
	EndGlobalSection
EndGlobal
