
Microsoft Visual Studio Solution File, Format Version 12.00
# Visual Studio Version 16
VisualStudioVersion = 16.0.30907.101
MinimumVisualStudioVersion = 10.0.40219.1
Project("{FAE04EC0-301F-11D3-BF4B-00C04F79EFBC}") = "01.Person", "01.Person\01.Person.csproj", "{AC913FBA-342F-45E1-B400-6BC83AF9E4DA}"
EndProject
Project("{FAE04EC0-301F-11D3-BF4B-00C04F79EFBC}") = "Zoo", "Zoo\Zoo.csproj", "{018CAF46-7970-4999-A97E-7614C19096EF}"
EndProject
Project("{FAE04EC0-301F-11D3-BF4B-00C04F79EFBC}") = "PlayersAndMonsters", "PlayersAndMonsters\PlayersAndMonsters.csproj", "{FF9B6294-6673-4CF1-841F-E60F35A96F34}"
EndProject
Project("{FAE04EC0-301F-11D3-BF4B-00C04F79EFBC}") = "NeedForSpeed", "NeedForSpeed\NeedForSpeed.csproj", "{33902DBE-469A-41F6-8AAC-591B29A8F816}"
EndProject
Global
	GlobalSection(SolutionConfigurationPlatforms) = preSolution
		Debug|Any CPU = Debug|Any CPU
		Release|Any CPU = Release|Any CPU
	EndGlobalSection
	GlobalSection(ProjectConfigurationPlatforms) = postSolution
		{AC913FBA-342F-45E1-B400-6BC83AF9E4DA}.Debug|Any CPU.ActiveCfg = Debug|Any CPU
		{AC913FBA-342F-45E1-B400-6BC83AF9E4DA}.Debug|Any CPU.Build.0 = Debug|Any CPU
		{AC913FBA-342F-45E1-B400-6BC83AF9E4DA}.Release|Any CPU.ActiveCfg = Release|Any CPU
		{AC913FBA-342F-45E1-B400-6BC83AF9E4DA}.Release|Any CPU.Build.0 = Release|Any CPU
		{018CAF46-7970-4999-A97E-7614C19096EF}.Debug|Any CPU.ActiveCfg = Debug|Any CPU
		{018CAF46-7970-4999-A97E-7614C19096EF}.Debug|Any CPU.Build.0 = Debug|Any CPU
		{018CAF46-7970-4999-A97E-7614C19096EF}.Release|Any CPU.ActiveCfg = Release|Any CPU
		{018CAF46-7970-4999-A97E-7614C19096EF}.Release|Any CPU.Build.0 = Release|Any CPU
		{FF9B6294-6673-4CF1-841F-E60F35A96F34}.Debug|Any CPU.ActiveCfg = Debug|Any CPU
		{FF9B6294-6673-4CF1-841F-E60F35A96F34}.Debug|Any CPU.Build.0 = Debug|Any CPU
		{FF9B6294-6673-4CF1-841F-E60F35A96F34}.Release|Any CPU.ActiveCfg = Release|Any CPU
		{FF9B6294-6673-4CF1-841F-E60F35A96F34}.Release|Any CPU.Build.0 = Release|Any CPU
		{33902DBE-469A-41F6-8AAC-591B29A8F816}.Debug|Any CPU.ActiveCfg = Debug|Any CPU
		{33902DBE-469A-41F6-8AAC-591B29A8F816}.Debug|Any CPU.Build.0 = Debug|Any CPU
		{33902DBE-469A-41F6-8AAC-591B29A8F816}.Release|Any CPU.ActiveCfg = Release|Any CPU
		{33902DBE-469A-41F6-8AAC-591B29A8F816}.Release|Any CPU.Build.0 = Release|Any CPU
	EndGlobalSection
	GlobalSection(SolutionProperties) = preSolution
		HideSolutionNode = FALSE
	EndGlobalSection
	GlobalSection(ExtensibilityGlobals) = postSolution
		SolutionGuid = {A644E084-7A26-4C7A-A415-7A2E68EAC6BB}
	EndGlobalSection
EndGlobal
