
Microsoft Visual Studio Solution File, Format Version 12.00
# Visual Studio Version 16
VisualStudioVersion = 16.0.30011.22
MinimumVisualStudioVersion = 10.0.40219.1
Project("{FAE04EC0-301F-11D3-BF4B-00C04F79EFBC}") = "FruitMarket", "FruitMarket\FruitMarket.csproj", "{9D9DBA76-5645-4DA9-9DF6-7D71B0D08BF2}"
EndProject
Global
	GlobalSection(SolutionConfigurationPlatforms) = preSolution
		Debug|Any CPU = Debug|Any CPU
		Release|Any CPU = Release|Any CPU
	EndGlobalSection
	GlobalSection(ProjectConfigurationPlatforms) = postSolution
		{9D9DBA76-5645-4DA9-9DF6-7D71B0D08BF2}.Debug|Any CPU.ActiveCfg = Debug|Any CPU
		{9D9DBA76-5645-4DA9-9DF6-7D71B0D08BF2}.Debug|Any CPU.Build.0 = Debug|Any CPU
		{9D9DBA76-5645-4DA9-9DF6-7D71B0D08BF2}.Release|Any CPU.ActiveCfg = Release|Any CPU
		{9D9DBA76-5645-4DA9-9DF6-7D71B0D08BF2}.Release|Any CPU.Build.0 = Release|Any CPU
	EndGlobalSection
	GlobalSection(SolutionProperties) = preSolution
		HideSolutionNode = FALSE
	EndGlobalSection
	GlobalSection(ExtensibilityGlobals) = postSolution
		SolutionGuid = {36756A27-35DF-4F11-97FE-A71D3AA6C146}
	EndGlobalSection
EndGlobal
