
Microsoft Visual Studio Solution File, Format Version 12.00
# Visual Studio Version 16
VisualStudioVersion = 16.0.30011.22
MinimumVisualStudioVersion = 10.0.40219.1
Project("{FAE04EC0-301F-11D3-BF4B-00C04F79EFBC}") = "VacationBooksList", "VacationBooksList\VacationBooksList.csproj", "{EC62464E-FC8B-4C1A-9236-66198002CD87}"
EndProject
Global
	GlobalSection(SolutionConfigurationPlatforms) = preSolution
		Debug|Any CPU = Debug|Any CPU
		Release|Any CPU = Release|Any CPU
	EndGlobalSection
	GlobalSection(ProjectConfigurationPlatforms) = postSolution
		{EC62464E-FC8B-4C1A-9236-66198002CD87}.Debug|Any CPU.ActiveCfg = Debug|Any CPU
		{EC62464E-FC8B-4C1A-9236-66198002CD87}.Debug|Any CPU.Build.0 = Debug|Any CPU
		{EC62464E-FC8B-4C1A-9236-66198002CD87}.Release|Any CPU.ActiveCfg = Release|Any CPU
		{EC62464E-FC8B-4C1A-9236-66198002CD87}.Release|Any CPU.Build.0 = Release|Any CPU
	EndGlobalSection
	GlobalSection(SolutionProperties) = preSolution
		HideSolutionNode = FALSE
	EndGlobalSection
	GlobalSection(ExtensibilityGlobals) = postSolution
		SolutionGuid = {494E8F24-88A0-44AC-B242-E74AA41AC66C}
	EndGlobalSection
EndGlobal
