
Microsoft Visual Studio Solution File, Format Version 12.00
# Visual Studio Version 16
VisualStudioVersion = 16.0.30907.101
MinimumVisualStudioVersion = 10.0.40219.1
Project("{FAE04EC0-301F-11D3-BF4B-00C04F79EFBC}") = "Shapes", "Shapes\Shapes.csproj", "{1A637AA6-A401-4FE6-8C73-C50C7884C220}"
EndProject
Project("{FAE04EC0-301F-11D3-BF4B-00C04F79EFBC}") = "Cars", "Cars\Cars.csproj", "{9761992E-4C95-4921-948C-D0121272607B}"
EndProject
Global
	GlobalSection(SolutionConfigurationPlatforms) = preSolution
		Debug|Any CPU = Debug|Any CPU
		Release|Any CPU = Release|Any CPU
	EndGlobalSection
	GlobalSection(ProjectConfigurationPlatforms) = postSolution
		{1A637AA6-A401-4FE6-8C73-C50C7884C220}.Debug|Any CPU.ActiveCfg = Debug|Any CPU
		{1A637AA6-A401-4FE6-8C73-C50C7884C220}.Debug|Any CPU.Build.0 = Debug|Any CPU
		{1A637AA6-A401-4FE6-8C73-C50C7884C220}.Release|Any CPU.ActiveCfg = Release|Any CPU
		{1A637AA6-A401-4FE6-8C73-C50C7884C220}.Release|Any CPU.Build.0 = Release|Any CPU
		{9761992E-4C95-4921-948C-D0121272607B}.Debug|Any CPU.ActiveCfg = Debug|Any CPU
		{9761992E-4C95-4921-948C-D0121272607B}.Debug|Any CPU.Build.0 = Debug|Any CPU
		{9761992E-4C95-4921-948C-D0121272607B}.Release|Any CPU.ActiveCfg = Release|Any CPU
		{9761992E-4C95-4921-948C-D0121272607B}.Release|Any CPU.Build.0 = Release|Any CPU
	EndGlobalSection
	GlobalSection(SolutionProperties) = preSolution
		HideSolutionNode = FALSE
	EndGlobalSection
	GlobalSection(ExtensibilityGlobals) = postSolution
		SolutionGuid = {6D0F317A-3718-463B-8819-3901B77FF0E9}
	EndGlobalSection
EndGlobal
